
Microsoft Visual Studio Solution File, Format Version 12.00
# Visual Studio 2013
VisualStudioVersion = 12.0.31101.0
MinimumVisualStudioVersion = 10.0.40219.1
Project("{8BC9CEB8-8B4A-11D0-8D11-00A0C91BC942}") = "AP-Lecture5-Q30", "AP-Lecture5-Q30\AP-Lecture5-Q30.vcxproj", "{8E34B060-2F93-4C17-A912-7DB46DC8E4B7}"
EndProject
Project("{8BC9CEB8-8B4A-11D0-8D11-00A0C91BC942}") = "AP-Lecture5-Q31", "AP-Lecture5-Q31\AP-Lecture5-Q31.vcxproj", "{8180C323-FD15-47A8-9E71-33F57A6A2AED}"
EndProject
Project("{8BC9CEB8-8B4A-11D0-8D11-00A0C91BC942}") = "AP-Lecture5-Q33", "AP-Lecture5-Q33\AP-Lecture5-Q33.vcxproj", "{0CFFDB25-F2F6-4B00-A02F-8F18D28A2721}"
EndProject
Project("{8BC9CEB8-8B4A-11D0-8D11-00A0C91BC942}") = "AP-Lecture5-Q34", "AP-Lecture5-Q34\AP-Lecture5-Q34.vcxproj", "{4A14F762-02A3-46C2-8766-2D9168681FD6}"
EndProject
Project("{8BC9CEB8-8B4A-11D0-8D11-00A0C91BC942}") = "AP-Lecture5-Q35", "AP-Lecture5-Q35\AP-Lecture5-Q35.vcxproj", "{C1C84330-61D6-42D5-9350-E0CE47AC7A21}"
EndProject
Project("{8BC9CEB8-8B4A-11D0-8D11-00A0C91BC942}") = "AP-Lecture5-Q36", "AP-Lecture5-Q36\AP-Lecture5-Q36.vcxproj", "{5D60AA35-F215-49AA-8230-FEB3697EF079}"
EndProject
Project("{8BC9CEB8-8B4A-11D0-8D11-00A0C91BC942}") = "AP-Lecture5-Q37", "AP-Lecture5-Q37\AP-Lecture5-Q37.vcxproj", "{A484D356-C4F4-40D9-822F-5AED261C2E95}"
EndProject
Global
	GlobalSection(SolutionConfigurationPlatforms) = preSolution
		Debug|Win32 = Debug|Win32
		Release|Win32 = Release|Win32
	EndGlobalSection
	GlobalSection(ProjectConfigurationPlatforms) = postSolution
		{8E34B060-2F93-4C17-A912-7DB46DC8E4B7}.Debug|Win32.ActiveCfg = Debug|Win32
		{8E34B060-2F93-4C17-A912-7DB46DC8E4B7}.Debug|Win32.Build.0 = Debug|Win32
		{8E34B060-2F93-4C17-A912-7DB46DC8E4B7}.Release|Win32.ActiveCfg = Release|Win32
		{8E34B060-2F93-4C17-A912-7DB46DC8E4B7}.Release|Win32.Build.0 = Release|Win32
		{8180C323-FD15-47A8-9E71-33F57A6A2AED}.Debug|Win32.ActiveCfg = Debug|Win32
		{8180C323-FD15-47A8-9E71-33F57A6A2AED}.Debug|Win32.Build.0 = Debug|Win32
		{8180C323-FD15-47A8-9E71-33F57A6A2AED}.Release|Win32.ActiveCfg = Release|Win32
		{8180C323-FD15-47A8-9E71-33F57A6A2AED}.Release|Win32.Build.0 = Release|Win32
		{0CFFDB25-F2F6-4B00-A02F-8F18D28A2721}.Debug|Win32.ActiveCfg = Debug|Win32
		{0CFFDB25-F2F6-4B00-A02F-8F18D28A2721}.Debug|Win32.Build.0 = Debug|Win32
		{0CFFDB25-F2F6-4B00-A02F-8F18D28A2721}.Release|Win32.ActiveCfg = Release|Win32
		{0CFFDB25-F2F6-4B00-A02F-8F18D28A2721}.Release|Win32.Build.0 = Release|Win32
		{4A14F762-02A3-46C2-8766-2D9168681FD6}.Debug|Win32.ActiveCfg = Debug|Win32
		{4A14F762-02A3-46C2-8766-2D9168681FD6}.Debug|Win32.Build.0 = Debug|Win32
		{4A14F762-02A3-46C2-8766-2D9168681FD6}.Release|Win32.ActiveCfg = Release|Win32
		{4A14F762-02A3-46C2-8766-2D9168681FD6}.Release|Win32.Build.0 = Release|Win32
		{C1C84330-61D6-42D5-9350-E0CE47AC7A21}.Debug|Win32.ActiveCfg = Debug|Win32
		{C1C84330-61D6-42D5-9350-E0CE47AC7A21}.Debug|Win32.Build.0 = Debug|Win32
		{C1C84330-61D6-42D5-9350-E0CE47AC7A21}.Release|Win32.ActiveCfg = Release|Win32
		{C1C84330-61D6-42D5-9350-E0CE47AC7A21}.Release|Win32.Build.0 = Release|Win32
		{5D60AA35-F215-49AA-8230-FEB3697EF079}.Debug|Win32.ActiveCfg = Debug|Win32
		{5D60AA35-F215-49AA-8230-FEB3697EF079}.Debug|Win32.Build.0 = Debug|Win32
		{5D60AA35-F215-49AA-8230-FEB3697EF079}.Release|Win32.ActiveCfg = Release|Win32
		{5D60AA35-F215-49AA-8230-FEB3697EF079}.Release|Win32.Build.0 = Release|Win32
		{A484D356-C4F4-40D9-822F-5AED261C2E95}.Debug|Win32.ActiveCfg = Debug|Win32
		{A484D356-C4F4-40D9-822F-5AED261C2E95}.Debug|Win32.Build.0 = Debug|Win32
		{A484D356-C4F4-40D9-822F-5AED261C2E95}.Release|Win32.ActiveCfg = Release|Win32
		{A484D356-C4F4-40D9-822F-5AED261C2E95}.Release|Win32.Build.0 = Release|Win32
	EndGlobalSection
	GlobalSection(SolutionProperties) = preSolution
		HideSolutionNode = FALSE
	EndGlobalSection
EndGlobal
