
Microsoft Visual Studio Solution File, Format Version 12.00
# Visual Studio 2013
VisualStudioVersion = 12.0.30723.0
MinimumVisualStudioVersion = 10.0.40219.1
Project("{8BC9CEB8-8B4A-11D0-8D11-00A0C91BC942}") = "IncludeTest2", "IncludeTest2\IncludeTest2.vcxproj", "{E093B77E-FA5B-4DE9-8E54-2B1C2F5316F9}"
EndProject
Global
	GlobalSection(SolutionConfigurationPlatforms) = preSolution
		Debug|Win32 = Debug|Win32
		Release|Win32 = Release|Win32
	EndGlobalSection
	GlobalSection(ProjectConfigurationPlatforms) = postSolution
		{E093B77E-FA5B-4DE9-8E54-2B1C2F5316F9}.Debug|Win32.ActiveCfg = Debug|Win32
		{E093B77E-FA5B-4DE9-8E54-2B1C2F5316F9}.Debug|Win32.Build.0 = Debug|Win32
		{E093B77E-FA5B-4DE9-8E54-2B1C2F5316F9}.Release|Win32.ActiveCfg = Release|Win32
		{E093B77E-FA5B-4DE9-8E54-2B1C2F5316F9}.Release|Win32.Build.0 = Release|Win32
	EndGlobalSection
	GlobalSection(SolutionProperties) = preSolution
		HideSolutionNode = FALSE
	EndGlobalSection
EndGlobal
